
Microsoft Visual Studio Solution File, Format Version 12.00
# Visual Studio Version 16
VisualStudioVersion = 16.0.30114.105
MinimumVisualStudioVersion = 10.0.40219.1
Project("{FAE04EC0-301F-11D3-BF4B-00C04F79EFBC}") = "API", "API\API.csproj", "{702EFE19-CD41-41ED-B71C-8D554FA8A22C}"
EndProject
Project("{FAE04EC0-301F-11D3-BF4B-00C04F79EFBC}") = "Infrastructure", "Infrastructure\Infrastructure.csproj", "{88161D79-FE96-4630-BE1A-FB02472A76CA}"
EndProject
Project("{FAE04EC0-301F-11D3-BF4B-00C04F79EFBC}") = "Core", "Core\Core.csproj", "{B86A1117-282F-4C3A-8649-402E0727547F}"
EndProject
Global
	GlobalSection(SolutionConfigurationPlatforms) = preSolution
		Debug|Any CPU = Debug|Any CPU
		Release|Any CPU = Release|Any CPU
	EndGlobalSection
	GlobalSection(SolutionProperties) = preSolution
		HideSolutionNode = FALSE
	EndGlobalSection
	GlobalSection(ProjectConfigurationPlatforms) = postSolution
		{702EFE19-CD41-41ED-B71C-8D554FA8A22C}.Debug|Any CPU.ActiveCfg = Debug|Any CPU
		{702EFE19-CD41-41ED-B71C-8D554FA8A22C}.Debug|Any CPU.Build.0 = Debug|Any CPU
		{702EFE19-CD41-41ED-B71C-8D554FA8A22C}.Release|Any CPU.ActiveCfg = Release|Any CPU
		{702EFE19-CD41-41ED-B71C-8D554FA8A22C}.Release|Any CPU.Build.0 = Release|Any CPU
		{88161D79-FE96-4630-BE1A-FB02472A76CA}.Debug|Any CPU.ActiveCfg = Debug|Any CPU
		{88161D79-FE96-4630-BE1A-FB02472A76CA}.Debug|Any CPU.Build.0 = Debug|Any CPU
		{88161D79-FE96-4630-BE1A-FB02472A76CA}.Release|Any CPU.ActiveCfg = Release|Any CPU
		{88161D79-FE96-4630-BE1A-FB02472A76CA}.Release|Any CPU.Build.0 = Release|Any CPU
		{B86A1117-282F-4C3A-8649-402E0727547F}.Debug|Any CPU.ActiveCfg = Debug|Any CPU
		{B86A1117-282F-4C3A-8649-402E0727547F}.Debug|Any CPU.Build.0 = Debug|Any CPU
		{B86A1117-282F-4C3A-8649-402E0727547F}.Release|Any CPU.ActiveCfg = Release|Any CPU
		{B86A1117-282F-4C3A-8649-402E0727547F}.Release|Any CPU.Build.0 = Release|Any CPU
	EndGlobalSection
EndGlobal
